// !$*UTF8*$!
{
	archiveVersion = 1;
	classes = {
	};
	objectVersion = 46;
	objects = {

/* Begin PBXBuildFile section */
		E5002CCB170C11540057A99C /* Cocoa.framework in Frameworks */ = {isa = PBXBuildFile; fileRef = E5002CCA170C11540057A99C /* Cocoa.framework */; };
		E5002CD5170C11540057A99C /* InfoPlist.strings in Resources */ = {isa = PBXBuildFile; fileRef = E5002CD3170C11540057A99C /* InfoPlist.strings */; };
		E5002CD7170C11540057A99C /* main.m in Sources */ = {isa = PBXBuildFile; fileRef = E5002CD6170C11540057A99C /* main.m */; };
		E5002CDB170C11540057A99C /* Credits.rtf in Resources */ = {isa = PBXBuildFile; fileRef = E5002CD9170C11540057A99C /* Credits.rtf */; };
		E5002CDE170C11540057A99C /* AppDelegate.m in Sources */ = {isa = PBXBuildFile; fileRef = E5002CDD170C11540057A99C /* AppDelegate.m */; };
		E5002CE1170C11540057A99C /* MainMenu.xib in Resources */ = {isa = PBXBuildFile; fileRef = E5002CDF170C11540057A99C /* MainMenu.xib */; };
		E5002CE9170C11550057A99C /* SenTestingKit.framework in Frameworks */ = {isa = PBXBuildFile; fileRef = E5002CE8170C11550057A99C /* SenTestingKit.framework */; };
		E5002CEA170C11550057A99C /* Cocoa.framework in Frameworks */ = {isa = PBXBuildFile; fileRef = E5002CCA170C11540057A99C /* Cocoa.framework */; };
		E5002CF2170C11550057A99C /* InfoPlist.strings in Resources */ = {isa = PBXBuildFile; fileRef = E5002CF0170C11550057A99C /* InfoPlist.strings */; };
		E5002CF5170C11550057A99C /* BitcoinStatusTests.m in Sources */ = {isa = PBXBuildFile; fileRef = E5002CF4170C11550057A99C /* BitcoinStatusTests.m */; };
		E5002D0F170C176C0057A99C /* BSTextView.m in Sources */ = {isa = PBXBuildFile; fileRef = E5002D0E170C176C0057A99C /* BSTextView.m */; };
		E5002D10170C176C0057A99C /* BSTextView.m in Sources */ = {isa = PBXBuildFile; fileRef = E5002D0E170C176C0057A99C /* BSTextView.m */; };
		E5002D25170C35B20057A99C /* BSBaseAPILoader.m in Sources */ = {isa = PBXBuildFile; fileRef = E5002D21170C35B20057A99C /* BSBaseAPILoader.m */; };
		E5002D26170C35B20057A99C /* BSBaseAPILoader.m in Sources */ = {isa = PBXBuildFile; fileRef = E5002D21170C35B20057A99C /* BSBaseAPILoader.m */; };
		E5002D27170C35B20057A99C /* BSMTGOXAPILoader.m in Sources */ = {isa = PBXBuildFile; fileRef = E5002D24170C35B20057A99C /* BSMTGOXAPILoader.m */; };
		E5002D28170C35B20057A99C /* BSMTGOXAPILoader.m in Sources */ = {isa = PBXBuildFile; fileRef = E5002D24170C35B20057A99C /* BSMTGOXAPILoader.m */; };
		E5002D2C170C35CE0057A99C /* BSDataFromRemote.m in Sources */ = {isa = PBXBuildFile; fileRef = E5002D2B170C35CE0057A99C /* BSDataFromRemote.m */; };
		E5002D2D170C35D70057A99C /* BSDataFromRemote.m in Sources */ = {isa = PBXBuildFile; fileRef = E5002D2B170C35CE0057A99C /* BSDataFromRemote.m */; };
		E5002D33170C361E0057A99C /* I7SStatusIconView.m in Sources */ = {isa = PBXBuildFile; fileRef = E5002D30170C361E0057A99C /* I7SStatusIconView.m */; };
		E5002D34170C361E0057A99C /* I7SStatusIconViewDragView.m in Sources */ = {isa = PBXBuildFile; fileRef = E5002D32170C361E0057A99C /* I7SStatusIconViewDragView.m */; };
		E5002D39170C36250057A99C /* status_bar_icon.png in Resources */ = {isa = PBXBuildFile; fileRef = E5002D37170C36250057A99C /* status_bar_icon.png */; };
		E5002D3A170C36250057A99C /* status_bar_icon@2x.png in Resources */ = {isa = PBXBuildFile; fileRef = E5002D38170C36250057A99C /* status_bar_icon@2x.png */; };
		E5002D3B170C36450057A99C /* I7SStatusIconView.m in Sources */ = {isa = PBXBuildFile; fileRef = E5002D30170C361E0057A99C /* I7SStatusIconView.m */; };
		E5002D3C170C36480057A99C /* I7SStatusIconViewDragView.m in Sources */ = {isa = PBXBuildFile; fileRef = E5002D32170C361E0057A99C /* I7SStatusIconViewDragView.m */; };
		E5002D41170C366B0057A99C /* RHPreferencesWindowController.m in Sources */ = {isa = PBXBuildFile; fileRef = E5002D40170C366B0057A99C /* RHPreferencesWindowController.m */; settings = {COMPILER_FLAGS = "-fno-objc-arc"; }; };
		E5002D42170C366B0057A99C /* RHPreferencesWindowController.m in Sources */ = {isa = PBXBuildFile; fileRef = E5002D40170C366B0057A99C /* RHPreferencesWindowController.m */; };
		E5002D44170C36800057A99C /* RHPreferencesWindow.xib in Resources */ = {isa = PBXBuildFile; fileRef = E5002D43170C36800057A99C /* RHPreferencesWindow.xib */; };
		E5002D45170C36800057A99C /* RHPreferencesWindow.xib in Resources */ = {isa = PBXBuildFile; fileRef = E5002D43170C36800057A99C /* RHPreferencesWindow.xib */; };
		E5002D49170C37370057A99C /* I7SPreferenceGeneralViewController.m in Sources */ = {isa = PBXBuildFile; fileRef = E5002D47170C37370057A99C /* I7SPreferenceGeneralViewController.m */; };
		E5002D4A170C37370057A99C /* I7SPreferenceGeneralViewController.m in Sources */ = {isa = PBXBuildFile; fileRef = E5002D47170C37370057A99C /* I7SPreferenceGeneralViewController.m */; };
		E5002D4B170C37370057A99C /* I7SPreferenceGeneralViewController.xib in Resources */ = {isa = PBXBuildFile; fileRef = E5002D48170C37370057A99C /* I7SPreferenceGeneralViewController.xib */; };
		E5002D4C170C37370057A99C /* I7SPreferenceGeneralViewController.xib in Resources */ = {isa = PBXBuildFile; fileRef = E5002D48170C37370057A99C /* I7SPreferenceGeneralViewController.xib */; };
		E5002D4E170C381E0057A99C /* Sparkle.framework in Frameworks */ = {isa = PBXBuildFile; fileRef = E5002D4D170C381E0057A99C /* Sparkle.framework */; };
		E5002D4F170C381E0057A99C /* Sparkle.framework in Frameworks */ = {isa = PBXBuildFile; fileRef = E5002D4D170C381E0057A99C /* Sparkle.framework */; };
		E5002D51170C387C0057A99C /* Sparkle.framework in CopyFiles */ = {isa = PBXBuildFile; fileRef = E5002D4D170C381E0057A99C /* Sparkle.framework */; };
		E5002D53170C4C970057A99C /* Quartz.framework in Frameworks */ = {isa = PBXBuildFile; fileRef = E5002D52170C4C970057A99C /* Quartz.framework */; };
		E5002D56170C55270057A99C /* LaunchAtLoginController.m in Sources */ = {isa = PBXBuildFile; fileRef = E5002D55170C55260057A99C /* LaunchAtLoginController.m */; };
		E5002D57170C557D0057A99C /* LaunchAtLoginController.m in Sources */ = {isa = PBXBuildFile; fileRef = E5002D55170C55260057A99C /* LaunchAtLoginController.m */; };
		E5002D59170C58670057A99C /* sparkle_update_dsa_pub.pem in Resources */ = {isa = PBXBuildFile; fileRef = E5002D58170C58670057A99C /* sparkle_update_dsa_pub.pem */; };
		E5002D5A170C58670057A99C /* sparkle_update_dsa_pub.pem in Resources */ = {isa = PBXBuildFile; fileRef = E5002D58170C58670057A99C /* sparkle_update_dsa_pub.pem */; };
		E5002D5E170C595C0057A99C /* Localizable.strings in Resources */ = {isa = PBXBuildFile; fileRef = E5002D61170C595C0057A99C /* Localizable.strings */; };
		E5002D5F170C595C0057A99C /* Localizable.strings in Resources */ = {isa = PBXBuildFile; fileRef = E5002D61170C595C0057A99C /* Localizable.strings */; };
		E5002D67170C6F7C0057A99C /* BitcoinStatus.iconset in Resources */ = {isa = PBXBuildFile; fileRef = E5002D66170C6F7C0057A99C /* BitcoinStatus.iconset */; };
/* End PBXBuildFile section */

/* Begin PBXContainerItemProxy section */
		E5002CEB170C11550057A99C /* PBXContainerItemProxy */ = {
			isa = PBXContainerItemProxy;
			containerPortal = E5002CBF170C11540057A99C /* Project object */;
			proxyType = 1;
			remoteGlobalIDString = E5002CC6170C11540057A99C;
			remoteInfo = BitcoinStatus;
		};
/* End PBXContainerItemProxy section */

/* Begin PBXCopyFilesBuildPhase section */
		E5002D50170C38760057A99C /* CopyFiles */ = {
			isa = PBXCopyFilesBuildPhase;
			buildActionMask = 2147483647;
			dstPath = "";
			dstSubfolderSpec = 10;
			files = (
				E5002D51170C387C0057A99C /* Sparkle.framework in CopyFiles */,
			);
			runOnlyForDeploymentPostprocessing = 0;
		};
/* End PBXCopyFilesBuildPhase section */

/* Begin PBXFileReference section */
		E5002CC7170C11540057A99C /* BitcoinStatus.app */ = {isa = PBXFileReference; explicitFileType = wrapper.application; includeInIndex = 0; path = BitcoinStatus.app; sourceTree = BUILT_PRODUCTS_DIR; };
		E5002CCA170C11540057A99C /* Cocoa.framework */ = {isa = PBXFileReference; lastKnownFileType = wrapper.framework; name = Cocoa.framework; path = System/Library/Frameworks/Cocoa.framework; sourceTree = SDKROOT; };
		E5002CCD170C11540057A99C /* AppKit.framework */ = {isa = PBXFileReference; lastKnownFileType = wrapper.framework; name = AppKit.framework; path = System/Library/Frameworks/AppKit.framework; sourceTree = SDKROOT; };
		E5002CCE170C11540057A99C /* CoreData.framework */ = {isa = PBXFileReference; lastKnownFileType = wrapper.framework; name = CoreData.framework; path = System/Library/Frameworks/CoreData.framework; sourceTree = SDKROOT; };
		E5002CCF170C11540057A99C /* Foundation.framework */ = {isa = PBXFileReference; lastKnownFileType = wrapper.framework; name = Foundation.framework; path = System/Library/Frameworks/Foundation.framework; sourceTree = SDKROOT; };
		E5002CD2170C11540057A99C /* BitcoinStatus-Info.plist */ = {isa = PBXFileReference; lastKnownFileType = text.plist.xml; path = "BitcoinStatus-Info.plist"; sourceTree = "<group>"; };
		E5002CD4170C11540057A99C /* en */ = {isa = PBXFileReference; lastKnownFileType = text.plist.strings; name = en; path = en.lproj/InfoPlist.strings; sourceTree = "<group>"; };
		E5002CD6170C11540057A99C /* main.m */ = {isa = PBXFileReference; lastKnownFileType = sourcecode.c.objc; path = main.m; sourceTree = "<group>"; };
		E5002CD8170C11540057A99C /* BitcoinStatus-Prefix.pch */ = {isa = PBXFileReference; lastKnownFileType = sourcecode.c.h; path = "BitcoinStatus-Prefix.pch"; sourceTree = "<group>"; };
		E5002CDA170C11540057A99C /* en */ = {isa = PBXFileReference; lastKnownFileType = text.rtf; name = en; path = en.lproj/Credits.rtf; sourceTree = "<group>"; };
		E5002CDC170C11540057A99C /* AppDelegate.h */ = {isa = PBXFileReference; lastKnownFileType = sourcecode.c.h; path = AppDelegate.h; sourceTree = "<group>"; };
		E5002CDD170C11540057A99C /* AppDelegate.m */ = {isa = PBXFileReference; lastKnownFileType = sourcecode.c.objc; path = AppDelegate.m; sourceTree = "<group>"; };
		E5002CE0170C11540057A99C /* en */ = {isa = PBXFileReference; lastKnownFileType = file.xib; name = en; path = en.lproj/MainMenu.xib; sourceTree = "<group>"; };
		E5002CE7170C11550057A99C /* BitcoinStatusTests.octest */ = {isa = PBXFileReference; explicitFileType = wrapper.cfbundle; includeInIndex = 0; path = BitcoinStatusTests.octest; sourceTree = BUILT_PRODUCTS_DIR; };
		E5002CE8170C11550057A99C /* SenTestingKit.framework */ = {isa = PBXFileReference; lastKnownFileType = wrapper.framework; name = SenTestingKit.framework; path = Library/Frameworks/SenTestingKit.framework; sourceTree = DEVELOPER_DIR; };
		E5002CEF170C11550057A99C /* BitcoinStatusTests-Info.plist */ = {isa = PBXFileReference; lastKnownFileType = text.plist.xml; path = "BitcoinStatusTests-Info.plist"; sourceTree = "<group>"; };
		E5002CF1170C11550057A99C /* en */ = {isa = PBXFileReference; lastKnownFileType = text.plist.strings; name = en; path = en.lproj/InfoPlist.strings; sourceTree = "<group>"; };
		E5002CF3170C11550057A99C /* BitcoinStatusTests.h */ = {isa = PBXFileReference; lastKnownFileType = sourcecode.c.h; path = BitcoinStatusTests.h; sourceTree = "<group>"; };
		E5002CF4170C11550057A99C /* BitcoinStatusTests.m */ = {isa = PBXFileReference; lastKnownFileType = sourcecode.c.objc; path = BitcoinStatusTests.m; sourceTree = "<group>"; };
		E5002D0D170C176C0057A99C /* BSTextView.h */ = {isa = PBXFileReference; fileEncoding = 4; lastKnownFileType = sourcecode.c.h; path = BSTextView.h; sourceTree = "<group>"; };
		E5002D0E170C176C0057A99C /* BSTextView.m */ = {isa = PBXFileReference; fileEncoding = 4; lastKnownFileType = sourcecode.c.objc; path = BSTextView.m; sourceTree = "<group>"; };
		E5002D20170C35B20057A99C /* BSBaseAPILoader.h */ = {isa = PBXFileReference; fileEncoding = 4; lastKnownFileType = sourcecode.c.h; path = BSBaseAPILoader.h; sourceTree = "<group>"; };
		E5002D21170C35B20057A99C /* BSBaseAPILoader.m */ = {isa = PBXFileReference; fileEncoding = 4; lastKnownFileType = sourcecode.c.objc; path = BSBaseAPILoader.m; sourceTree = "<group>"; };
		E5002D23170C35B20057A99C /* BSMTGOXAPILoader.h */ = {isa = PBXFileReference; fileEncoding = 4; lastKnownFileType = sourcecode.c.h; path = BSMTGOXAPILoader.h; sourceTree = "<group>"; };
		E5002D24170C35B20057A99C /* BSMTGOXAPILoader.m */ = {isa = PBXFileReference; fileEncoding = 4; lastKnownFileType = sourcecode.c.objc; path = BSMTGOXAPILoader.m; sourceTree = "<group>"; };
		E5002D2A170C35CE0057A99C /* BSDataFromRemote.h */ = {isa = PBXFileReference; fileEncoding = 4; lastKnownFileType = sourcecode.c.h; path = BSDataFromRemote.h; sourceTree = "<group>"; };
		E5002D2B170C35CE0057A99C /* BSDataFromRemote.m */ = {isa = PBXFileReference; fileEncoding = 4; lastKnownFileType = sourcecode.c.objc; path = BSDataFromRemote.m; sourceTree = "<group>"; };
		E5002D2F170C361E0057A99C /* I7SStatusIconView.h */ = {isa = PBXFileReference; fileEncoding = 4; lastKnownFileType = sourcecode.c.h; path = I7SStatusIconView.h; sourceTree = "<group>"; };
		E5002D30170C361E0057A99C /* I7SStatusIconView.m */ = {isa = PBXFileReference; fileEncoding = 4; lastKnownFileType = sourcecode.c.objc; path = I7SStatusIconView.m; sourceTree = "<group>"; };
		E5002D31170C361E0057A99C /* I7SStatusIconViewDragView.h */ = {isa = PBXFileReference; fileEncoding = 4; lastKnownFileType = sourcecode.c.h; path = I7SStatusIconViewDragView.h; sourceTree = "<group>"; };
		E5002D32170C361E0057A99C /* I7SStatusIconViewDragView.m */ = {isa = PBXFileReference; fileEncoding = 4; lastKnownFileType = sourcecode.c.objc; path = I7SStatusIconViewDragView.m; sourceTree = "<group>"; };
		E5002D37170C36250057A99C /* status_bar_icon.png */ = {isa = PBXFileReference; lastKnownFileType = image.png; path = status_bar_icon.png; sourceTree = "<group>"; };
		E5002D38170C36250057A99C /* status_bar_icon@2x.png */ = {isa = PBXFileReference; lastKnownFileType = image.png; path = "status_bar_icon@2x.png"; sourceTree = "<group>"; };
		E5002D3E170C366B0057A99C /* RHPreferences.h */ = {isa = PBXFileReference; fileEncoding = 4; lastKnownFileType = sourcecode.c.h; path = RHPreferences.h; sourceTree = "<group>"; };
		E5002D3F170C366B0057A99C /* RHPreferencesWindowController.h */ = {isa = PBXFileReference; fileEncoding = 4; lastKnownFileType = sourcecode.c.h; path = RHPreferencesWindowController.h; sourceTree = "<group>"; };
		E5002D40170C366B0057A99C /* RHPreferencesWindowController.m */ = {isa = PBXFileReference; fileEncoding = 4; lastKnownFileType = sourcecode.c.objc; path = RHPreferencesWindowController.m; sourceTree = "<group>"; };
		E5002D43170C36800057A99C /* RHPreferencesWindow.xib */ = {isa = PBXFileReference; fileEncoding = 4; lastKnownFileType = file.xib; path = RHPreferencesWindow.xib; sourceTree = "<group>"; };
		E5002D46170C37370057A99C /* I7SPreferenceGeneralViewController.h */ = {isa = PBXFileReference; fileEncoding = 4; lastKnownFileType = sourcecode.c.h; path = I7SPreferenceGeneralViewController.h; sourceTree = "<group>"; };
		E5002D47170C37370057A99C /* I7SPreferenceGeneralViewController.m */ = {isa = PBXFileReference; fileEncoding = 4; lastKnownFileType = sourcecode.c.objc; path = I7SPreferenceGeneralViewController.m; sourceTree = "<group>"; };
		E5002D48170C37370057A99C /* I7SPreferenceGeneralViewController.xib */ = {isa = PBXFileReference; fileEncoding = 4; lastKnownFileType = file.xib; path = I7SPreferenceGeneralViewController.xib; sourceTree = "<group>"; };
		E5002D4D170C381E0057A99C /* Sparkle.framework */ = {isa = PBXFileReference; lastKnownFileType = wrapper.framework; path = Sparkle.framework; sourceTree = "<group>"; };
		E5002D52170C4C970057A99C /* Quartz.framework */ = {isa = PBXFileReference; lastKnownFileType = wrapper.framework; name = Quartz.framework; path = System/Library/Frameworks/Quartz.framework; sourceTree = SDKROOT; };
		E5002D54170C55260057A99C /* LaunchAtLoginController.h */ = {isa = PBXFileReference; fileEncoding = 4; lastKnownFileType = sourcecode.c.h; path = LaunchAtLoginController.h; sourceTree = "<group>"; };
		E5002D55170C55260057A99C /* LaunchAtLoginController.m */ = {isa = PBXFileReference; fileEncoding = 4; lastKnownFileType = sourcecode.c.objc; path = LaunchAtLoginController.m; sourceTree = "<group>"; };
		E5002D58170C58670057A99C /* sparkle_update_dsa_pub.pem */ = {isa = PBXFileReference; fileEncoding = 4; lastKnownFileType = text; path = sparkle_update_dsa_pub.pem; sourceTree = "<group>"; };
		E5002D60170C595C0057A99C /* en */ = {isa = PBXFileReference; lastKnownFileType = file; name = en; path = en.lproj/Localizable.strings; sourceTree = "<group>"; };
		E5002D62170C5A920057A99C /* de */ = {isa = PBXFileReference; lastKnownFileType = text.plist.strings; name = de; path = de.lproj/InfoPlist.strings; sourceTree = "<group>"; };
		E5002D63170C5A920057A99C /* de */ = {isa = PBXFileReference; lastKnownFileType = text.rtf; name = de; path = de.lproj/Credits.rtf; sourceTree = "<group>"; };
		E5002D64170C5A920057A99C /* de */ = {isa = PBXFileReference; lastKnownFileType = file; name = de; path = de.lproj/Localizable.strings; sourceTree = "<group>"; };
		E5002D65170C5A920057A99C /* de */ = {isa = PBXFileReference; lastKnownFileType = text.plist.strings; name = de; path = de.lproj/InfoPlist.strings; sourceTree = "<group>"; };
		E5002D66170C6F7C0057A99C /* BitcoinStatus.iconset */ = {isa = PBXFileReference; lastKnownFileType = folder.iconset; path = BitcoinStatus.iconset; sourceTree = "<group>"; };
/* End PBXFileReference section */

/* Begin PBXFrameworksBuildPhase section */
		E5002CC4170C11540057A99C /* Frameworks */ = {
			isa = PBXFrameworksBuildPhase;
			buildActionMask = 2147483647;
			files = (
				E5002D53170C4C970057A99C /* Quartz.framework in Frameworks */,
				E5002CCB170C11540057A99C /* Cocoa.framework in Frameworks */,
				E5002D4E170C381E0057A99C /* Sparkle.framework in Frameworks */,
			);
			runOnlyForDeploymentPostprocessing = 0;
		};
		E5002CE3170C11550057A99C /* Frameworks */ = {
			isa = PBXFrameworksBuildPhase;
			buildActionMask = 2147483647;
			files = (
				E5002CE9170C11550057A99C /* SenTestingKit.framework in Frameworks */,
				E5002CEA170C11550057A99C /* Cocoa.framework in Frameworks */,
				E5002D4F170C381E0057A99C /* Sparkle.framework in Frameworks */,
			);
			runOnlyForDeploymentPostprocessing = 0;
		};
/* End PBXFrameworksBuildPhase section */

/* Begin PBXGroup section */
		E5002CBE170C11540057A99C = {
			isa = PBXGroup;
			children = (
				E5002D66170C6F7C0057A99C /* BitcoinStatus.iconset */,
				E5002D52170C4C970057A99C /* Quartz.framework */,
				E5002CD0170C11540057A99C /* BitcoinStatus */,
				E5002CED170C11550057A99C /* BitcoinStatusTests */,
				E5002CC9170C11540057A99C /* Frameworks */,
				E5002CC8170C11540057A99C /* Products */,
			);
			sourceTree = "<group>";
		};
		E5002CC8170C11540057A99C /* Products */ = {
			isa = PBXGroup;
			children = (
				E5002CC7170C11540057A99C /* BitcoinStatus.app */,
				E5002CE7170C11550057A99C /* BitcoinStatusTests.octest */,
			);
			name = Products;
			sourceTree = "<group>";
		};
		E5002CC9170C11540057A99C /* Frameworks */ = {
			isa = PBXGroup;
			children = (
				E5002D4D170C381E0057A99C /* Sparkle.framework */,
				E5002CCA170C11540057A99C /* Cocoa.framework */,
				E5002CE8170C11550057A99C /* SenTestingKit.framework */,
				E5002CCC170C11540057A99C /* Other Frameworks */,
			);
			name = Frameworks;
			sourceTree = "<group>";
		};
		E5002CCC170C11540057A99C /* Other Frameworks */ = {
			isa = PBXGroup;
			children = (
				E5002CCD170C11540057A99C /* AppKit.framework */,
				E5002CCE170C11540057A99C /* CoreData.framework */,
				E5002CCF170C11540057A99C /* Foundation.framework */,
			);
			name = "Other Frameworks";
			sourceTree = "<group>";
		};
		E5002CD0170C11540057A99C /* BitcoinStatus */ = {
			isa = PBXGroup;
			children = (
				E5002D54170C55260057A99C /* LaunchAtLoginController.h */,
				E5002D55170C55260057A99C /* LaunchAtLoginController.m */,
				E5002D3D170C365F0057A99C /* Settings */,
				E5002D2E170C35F60057A99C /* StatusMenu */,
				E5002D29170C35BC0057A99C /* DataModels */,
				E5002D1F170C35B20057A99C /* APILoaders */,
				E5002CDC170C11540057A99C /* AppDelegate.h */,
				E5002CDD170C11540057A99C /* AppDelegate.m */,
				E5002CDF170C11540057A99C /* MainMenu.xib */,
				E5002D35170C36250057A99C /* Res */,
				E5002CD1170C11540057A99C /* Supporting Files */,
				E5002D0D170C176C0057A99C /* BSTextView.h */,
				E5002D0E170C176C0057A99C /* BSTextView.m */,
			);
			path = BitcoinStatus;
			sourceTree = "<group>";
		};
		E5002CD1170C11540057A99C /* Supporting Files */ = {
			isa = PBXGroup;
			children = (
				E5002D58170C58670057A99C /* sparkle_update_dsa_pub.pem */,
				E5002CD2170C11540057A99C /* BitcoinStatus-Info.plist */,
				E5002CD3170C11540057A99C /* InfoPlist.strings */,
				E5002CD6170C11540057A99C /* main.m */,
				E5002CD8170C11540057A99C /* BitcoinStatus-Prefix.pch */,
				E5002CD9170C11540057A99C /* Credits.rtf */,
				E5002D61170C595C0057A99C /* Localizable.strings */,
			);
			name = "Supporting Files";
			sourceTree = "<group>";
		};
		E5002CED170C11550057A99C /* BitcoinStatusTests */ = {
			isa = PBXGroup;
			children = (
				E5002CF3170C11550057A99C /* BitcoinStatusTests.h */,
				E5002CF4170C11550057A99C /* BitcoinStatusTests.m */,
				E5002CEE170C11550057A99C /* Supporting Files */,
			);
			path = BitcoinStatusTests;
			sourceTree = "<group>";
		};
		E5002CEE170C11550057A99C /* Supporting Files */ = {
			isa = PBXGroup;
			children = (
				E5002CEF170C11550057A99C /* BitcoinStatusTests-Info.plist */,
				E5002CF0170C11550057A99C /* InfoPlist.strings */,
			);
			name = "Supporting Files";
			sourceTree = "<group>";
		};
		E5002D1F170C35B20057A99C /* APILoaders */ = {
			isa = PBXGroup;
			children = (
				E5002D20170C35B20057A99C /* BSBaseAPILoader.h */,
				E5002D21170C35B20057A99C /* BSBaseAPILoader.m */,
				E5002D22170C35B20057A99C /* MTGOX */,
			);
			path = APILoaders;
			sourceTree = "<group>";
		};
		E5002D22170C35B20057A99C /* MTGOX */ = {
			isa = PBXGroup;
			children = (
				E5002D23170C35B20057A99C /* BSMTGOXAPILoader.h */,
				E5002D24170C35B20057A99C /* BSMTGOXAPILoader.m */,
			);
			path = MTGOX;
			sourceTree = "<group>";
		};
		E5002D29170C35BC0057A99C /* DataModels */ = {
			isa = PBXGroup;
			children = (
				E5002D2A170C35CE0057A99C /* BSDataFromRemote.h */,
				E5002D2B170C35CE0057A99C /* BSDataFromRemote.m */,
			);
			path = DataModels;
			sourceTree = "<group>";
		};
		E5002D2E170C35F60057A99C /* StatusMenu */ = {
			isa = PBXGroup;
			children = (
				E5002D2F170C361E0057A99C /* I7SStatusIconView.h */,
				E5002D30170C361E0057A99C /* I7SStatusIconView.m */,
				E5002D31170C361E0057A99C /* I7SStatusIconViewDragView.h */,
				E5002D32170C361E0057A99C /* I7SStatusIconViewDragView.m */,
			);
			path = StatusMenu;
			sourceTree = "<group>";
		};
		E5002D35170C36250057A99C /* Res */ = {
			isa = PBXGroup;
			children = (
				E5002D36170C36250057A99C /* GFX */,
			);
			path = Res;
			sourceTree = "<group>";
		};
		E5002D36170C36250057A99C /* GFX */ = {
			isa = PBXGroup;
			children = (
				E5002D37170C36250057A99C /* status_bar_icon.png */,
				E5002D38170C36250057A99C /* status_bar_icon@2x.png */,
			);
			path = GFX;
			sourceTree = "<group>";
		};
		E5002D3D170C365F0057A99C /* Settings */ = {
			isa = PBXGroup;
			children = (
				E5002D46170C37370057A99C /* I7SPreferenceGeneralViewController.h */,
				E5002D47170C37370057A99C /* I7SPreferenceGeneralViewController.m */,
				E5002D48170C37370057A99C /* I7SPreferenceGeneralViewController.xib */,
				E5002D3E170C366B0057A99C /* RHPreferences.h */,
				E5002D3F170C366B0057A99C /* RHPreferencesWindowController.h */,
				E5002D40170C366B0057A99C /* RHPreferencesWindowController.m */,
				E5002D43170C36800057A99C /* RHPreferencesWindow.xib */,
			);
			path = Settings;
			sourceTree = "<group>";
		};
/* End PBXGroup section */

/* Begin PBXNativeTarget section */
		E5002CC6170C11540057A99C /* BitcoinStatus */ = {
			isa = PBXNativeTarget;
			buildConfigurationList = E5002CF8170C11550057A99C /* Build configuration list for PBXNativeTarget "BitcoinStatus" */;
			buildPhases = (
				E5002CC3170C11540057A99C /* Sources */,
				E5002CC4170C11540057A99C /* Frameworks */,
				E5002CC5170C11540057A99C /* Resources */,
				E5002D50170C38760057A99C /* CopyFiles */,
			);
			buildRules = (
			);
			dependencies = (
			);
			name = BitcoinStatus;
			productName = BitcoinStatus;
			productReference = E5002CC7170C11540057A99C /* BitcoinStatus.app */;
			productType = "com.apple.product-type.application";
		};
		E5002CE6170C11550057A99C /* BitcoinStatusTests */ = {
			isa = PBXNativeTarget;
			buildConfigurationList = E5002CFB170C11550057A99C /* Build configuration list for PBXNativeTarget "BitcoinStatusTests" */;
			buildPhases = (
				E5002CE2170C11550057A99C /* Sources */,
				E5002CE3170C11550057A99C /* Frameworks */,
				E5002CE4170C11550057A99C /* Resources */,
				E5002CE5170C11550057A99C /* ShellScript */,
			);
			buildRules = (
			);
			dependencies = (
				E5002CEC170C11550057A99C /* PBXTargetDependency */,
			);
			name = BitcoinStatusTests;
			productName = BitcoinStatusTests;
			productReference = E5002CE7170C11550057A99C /* BitcoinStatusTests.octest */;
			productType = "com.apple.product-type.bundle";
		};
/* End PBXNativeTarget section */

/* Begin PBXProject section */
		E5002CBF170C11540057A99C /* Project object */ = {
			isa = PBXProject;
			attributes = {
				LastUpgradeCheck = 0460;
				ORGANIZATIONNAME = "include7 AG";
			};
			buildConfigurationList = E5002CC2170C11540057A99C /* Build configuration list for PBXProject "BitcoinStatus" */;
			compatibilityVersion = "Xcode 3.2";
			developmentRegion = English;
			hasScannedForEncodings = 0;
			knownRegions = (
				en,
				de,
			);
			mainGroup = E5002CBE170C11540057A99C;
			productRefGroup = E5002CC8170C11540057A99C /* Products */;
			projectDirPath = "";
			projectRoot = "";
			targets = (
				E5002CC6170C11540057A99C /* BitcoinStatus */,
				E5002CE6170C11550057A99C /* BitcoinStatusTests */,
			);
		};
/* End PBXProject section */

/* Begin PBXResourcesBuildPhase section */
		E5002CC5170C11540057A99C /* Resources */ = {
			isa = PBXResourcesBuildPhase;
			buildActionMask = 2147483647;
			files = (
				E5002CD5170C11540057A99C /* InfoPlist.strings in Resources */,
				E5002CDB170C11540057A99C /* Credits.rtf in Resources */,
				E5002CE1170C11540057A99C /* MainMenu.xib in Resources */,
				E5002D39170C36250057A99C /* status_bar_icon.png in Resources */,
				E5002D3A170C36250057A99C /* status_bar_icon@2x.png in Resources */,
				E5002D44170C36800057A99C /* RHPreferencesWindow.xib in Resources */,
				E5002D4B170C37370057A99C /* I7SPreferenceGeneralViewController.xib in Resources */,
				E5002D59170C58670057A99C /* sparkle_update_dsa_pub.pem in Resources */,
				E5002D5E170C595C0057A99C /* Localizable.strings in Resources */,
				E5002D67170C6F7C0057A99C /* BitcoinStatus.iconset in Resources */,
			);
			runOnlyForDeploymentPostprocessing = 0;
		};
		E5002CE4170C11550057A99C /* Resources */ = {
			isa = PBXResourcesBuildPhase;
			buildActionMask = 2147483647;
			files = (
				E5002CF2170C11550057A99C /* InfoPlist.strings in Resources */,
				E5002D45170C36800057A99C /* RHPreferencesWindow.xib in Resources */,
				E5002D4C170C37370057A99C /* I7SPreferenceGeneralViewController.xib in Resources */,
				E5002D5A170C58670057A99C /* sparkle_update_dsa_pub.pem in Resources */,
				E5002D5F170C595C0057A99C /* Localizable.strings in Resources */,
			);
			runOnlyForDeploymentPostprocessing = 0;
		};
/* End PBXResourcesBuildPhase section */

/* Begin PBXShellScriptBuildPhase section */
		E5002CE5170C11550057A99C /* ShellScript */ = {
			isa = PBXShellScriptBuildPhase;
			buildActionMask = 2147483647;
			files = (
			);
			inputPaths = (
			);
			outputPaths = (
			);
			runOnlyForDeploymentPostprocessing = 0;
			shellPath = /bin/sh;
			shellScript = "# Run the unit tests in this test bundle.\n\"${SYSTEM_DEVELOPER_DIR}/Tools/RunUnitTests\"\n";
		};
/* End PBXShellScriptBuildPhase section */

/* Begin PBXSourcesBuildPhase section */
		E5002CC3170C11540057A99C /* Sources */ = {
			isa = PBXSourcesBuildPhase;
			buildActionMask = 2147483647;
			files = (
				E5002CD7170C11540057A99C /* main.m in Sources */,
				E5002CDE170C11540057A99C /* AppDelegate.m in Sources */,
				E5002D0F170C176C0057A99C /* BSTextView.m in Sources */,
				E5002D25170C35B20057A99C /* BSBaseAPILoader.m in Sources */,
				E5002D27170C35B20057A99C /* BSMTGOXAPILoader.m in Sources */,
				E5002D2D170C35D70057A99C /* BSDataFromRemote.m in Sources */,
				E5002D3B170C36450057A99C /* I7SStatusIconView.m in Sources */,
				E5002D3C170C36480057A99C /* I7SStatusIconViewDragView.m in Sources */,
				E5002D41170C366B0057A99C /* RHPreferencesWindowController.m in Sources */,
				E5002D49170C37370057A99C /* I7SPreferenceGeneralViewController.m in Sources */,
				E5002D57170C557D0057A99C /* LaunchAtLoginController.m in Sources */,
			);
			runOnlyForDeploymentPostprocessing = 0;
		};
		E5002CE2170C11550057A99C /* Sources */ = {
			isa = PBXSourcesBuildPhase;
			buildActionMask = 2147483647;
			files = (
				E5002CF5170C11550057A99C /* BitcoinStatusTests.m in Sources */,
				E5002D10170C176C0057A99C /* BSTextView.m in Sources */,
				E5002D26170C35B20057A99C /* BSBaseAPILoader.m in Sources */,
				E5002D28170C35B20057A99C /* BSMTGOXAPILoader.m in Sources */,
				E5002D2C170C35CE0057A99C /* BSDataFromRemote.m in Sources */,
				E5002D33170C361E0057A99C /* I7SStatusIconView.m in Sources */,
				E5002D34170C361E0057A99C /* I7SStatusIconViewDragView.m in Sources */,
				E5002D42170C366B0057A99C /* RHPreferencesWindowController.m in Sources */,
				E5002D4A170C37370057A99C /* I7SPreferenceGeneralViewController.m in Sources */,
				E5002D56170C55270057A99C /* LaunchAtLoginController.m in Sources */,
			);
			runOnlyForDeploymentPostprocessing = 0;
		};
/* End PBXSourcesBuildPhase section */

/* Begin PBXTargetDependency section */
		E5002CEC170C11550057A99C /* PBXTargetDependency */ = {
			isa = PBXTargetDependency;
			target = E5002CC6170C11540057A99C /* BitcoinStatus */;
			targetProxy = E5002CEB170C11550057A99C /* PBXContainerItemProxy */;
		};
/* End PBXTargetDependency section */

/* Begin PBXVariantGroup section */
		E5002CD3170C11540057A99C /* InfoPlist.strings */ = {
			isa = PBXVariantGroup;
			children = (
				E5002CD4170C11540057A99C /* en */,
				E5002D62170C5A920057A99C /* de */,
			);
			name = InfoPlist.strings;
			sourceTree = "<group>";
		};
		E5002CD9170C11540057A99C /* Credits.rtf */ = {
			isa = PBXVariantGroup;
			children = (
				E5002CDA170C11540057A99C /* en */,
				E5002D63170C5A920057A99C /* de */,
			);
			name = Credits.rtf;
			sourceTree = "<group>";
		};
		E5002CDF170C11540057A99C /* MainMenu.xib */ = {
			isa = PBXVariantGroup;
			children = (
				E5002CE0170C11540057A99C /* en */,
			);
			name = MainMenu.xib;
			sourceTree = "<group>";
		};
		E5002CF0170C11550057A99C /* InfoPlist.strings */ = {
			isa = PBXVariantGroup;
			children = (
				E5002CF1170C11550057A99C /* en */,
				E5002D65170C5A920057A99C /* de */,
			);
			name = InfoPlist.strings;
			sourceTree = "<group>";
		};
		E5002D61170C595C0057A99C /* Localizable.strings */ = {
			isa = PBXVariantGroup;
			children = (
				E5002D60170C595C0057A99C /* en */,
				E5002D64170C5A920057A99C /* de */,
			);
			name = Localizable.strings;
			sourceTree = "<group>";
		};
/* End PBXVariantGroup section */

/* Begin XCBuildConfiguration section */
		E5002CF6170C11550057A99C /* Debug */ = {
			isa = XCBuildConfiguration;
			buildSettings = {
				ALWAYS_SEARCH_USER_PATHS = NO;
				ARCHS = "$(ARCHS_STANDARD_64_BIT)";
				CLANG_CXX_LANGUAGE_STANDARD = "gnu++0x";
				CLANG_CXX_LIBRARY = "libc++";
				CLANG_ENABLE_OBJC_ARC = YES;
				CLANG_WARN_CONSTANT_CONVERSION = YES;
				CLANG_WARN_EMPTY_BODY = YES;
				CLANG_WARN_ENUM_CONVERSION = YES;
				CLANG_WARN_INT_CONVERSION = YES;
				CLANG_WARN__DUPLICATE_METHOD_MATCH = YES;
				COPY_PHASE_STRIP = NO;
				GCC_C_LANGUAGE_STANDARD = gnu99;
				GCC_DYNAMIC_NO_PIC = NO;
				GCC_ENABLE_OBJC_EXCEPTIONS = YES;
				GCC_OPTIMIZATION_LEVEL = 0;
				GCC_PREPROCESSOR_DEFINITIONS = (
					"DEBUG=1",
					"$(inherited)",
				);
				GCC_SYMBOLS_PRIVATE_EXTERN = NO;
				GCC_WARN_64_TO_32_BIT_CONVERSION = YES;
				GCC_WARN_ABOUT_RETURN_TYPE = YES;
				GCC_WARN_UNINITIALIZED_AUTOS = YES;
				GCC_WARN_UNUSED_VARIABLE = YES;
				MACOSX_DEPLOYMENT_TARGET = 10.7;
				ONLY_ACTIVE_ARCH = YES;
				SDKROOT = macosx;
			};
			name = Debug;
		};
		E5002CF7170C11550057A99C /* Release */ = {
			isa = XCBuildConfiguration;
			buildSettings = {
				ALWAYS_SEARCH_USER_PATHS = NO;
				ARCHS = "$(ARCHS_STANDARD_64_BIT)";
				CLANG_CXX_LANGUAGE_STANDARD = "gnu++0x";
				CLANG_CXX_LIBRARY = "libc++";
				CLANG_ENABLE_OBJC_ARC = YES;
				CLANG_WARN_CONSTANT_CONVERSION = YES;
				CLANG_WARN_EMPTY_BODY = YES;
				CLANG_WARN_ENUM_CONVERSION = YES;
				CLANG_WARN_INT_CONVERSION = YES;
				CLANG_WARN__DUPLICATE_METHOD_MATCH = YES;
				COPY_PHASE_STRIP = YES;
				DEBUG_INFORMATION_FORMAT = "dwarf-with-dsym";
				GCC_C_LANGUAGE_STANDARD = gnu99;
				GCC_ENABLE_OBJC_EXCEPTIONS = YES;
				GCC_WARN_64_TO_32_BIT_CONVERSION = YES;
				GCC_WARN_ABOUT_RETURN_TYPE = YES;
				GCC_WARN_UNINITIALIZED_AUTOS = YES;
				GCC_WARN_UNUSED_VARIABLE = YES;
				MACOSX_DEPLOYMENT_TARGET = 10.7;
				SDKROOT = macosx;
			};
			name = Release;
		};
		E5002CF9170C11550057A99C /* Debug */ = {
			isa = XCBuildConfiguration;
			buildSettings = {
				COMBINE_HIDPI_IMAGES = YES;
				FRAMEWORK_SEARCH_PATHS = (
					"$(inherited)",
					"\"$(SRCROOT)\"",
				);
				GCC_PRECOMPILE_PREFIX_HEADER = YES;
				GCC_PREFIX_HEADER = "BitcoinStatus/BitcoinStatus-Prefix.pch";
				INFOPLIST_FILE = "BitcoinStatus/BitcoinStatus-Info.plist";
				MACOSX_DEPLOYMENT_TARGET = 10.7;
				PRODUCT_NAME = "$(TARGET_NAME)";
				WRAPPER_EXTENSION = app;
			};
			name = Debug;
		};
		E5002CFA170C11550057A99C /* Release */ = {
			isa = XCBuildConfiguration;
			buildSettings = {
				COMBINE_HIDPI_IMAGES = YES;
				FRAMEWORK_SEARCH_PATHS = (
					"$(inherited)",
					"\"$(SRCROOT)\"",
				);
				GCC_PRECOMPILE_PREFIX_HEADER = YES;
				GCC_PREFIX_HEADER = "BitcoinStatus/BitcoinStatus-Prefix.pch";
				INFOPLIST_FILE = "BitcoinStatus/BitcoinStatus-Info.plist";
				MACOSX_DEPLOYMENT_TARGET = 10.7;
				PRODUCT_NAME = "$(TARGET_NAME)";
				WRAPPER_EXTENSION = app;
			};
			name = Release;
		};
		E5002CFC170C11550057A99C /* Debug */ = {
			isa = XCBuildConfiguration;
			buildSettings = {
				BUNDLE_LOADER = "$(BUILT_PRODUCTS_DIR)/BitcoinStatus.app/Contents/MacOS/BitcoinStatus";
				COMBINE_HIDPI_IMAGES = YES;
				FRAMEWORK_SEARCH_PATHS = (
					"\"$(DEVELOPER_LIBRARY_DIR)/Frameworks\"",
					"\"$(SRCROOT)\"",
				);
				GCC_PRECOMPILE_PREFIX_HEADER = YES;
				GCC_PREFIX_HEADER = "BitcoinStatus/BitcoinStatus-Prefix.pch";
				INFOPLIST_FILE = "BitcoinStatusTests/BitcoinStatusTests-Info.plist";
				PRODUCT_NAME = "$(TARGET_NAME)";
				TEST_HOST = "$(BUNDLE_LOADER)";
				WRAPPER_EXTENSION = octest;
			};
			name = Debug;
		};
		E5002CFD170C11550057A99C /* Release */ = {
			isa = XCBuildConfiguration;
			buildSettings = {
				BUNDLE_LOADER = "$(BUILT_PRODUCTS_DIR)/BitcoinStatus.app/Contents/MacOS/BitcoinStatus";
				COMBINE_HIDPI_IMAGES = YES;
				FRAMEWORK_SEARCH_PATHS = (
					"\"$(DEVELOPER_LIBRARY_DIR)/Frameworks\"",
					"\"$(SRCROOT)\"",
				);
				GCC_PRECOMPILE_PREFIX_HEADER = YES;
				GCC_PREFIX_HEADER = "BitcoinStatus/BitcoinStatus-Prefix.pch";
				INFOPLIST_FILE = "BitcoinStatusTests/BitcoinStatusTests-Info.plist";
				PRODUCT_NAME = "$(TARGET_NAME)";
				TEST_HOST = "$(BUNDLE_LOADER)";
				WRAPPER_EXTENSION = octest;
			};
			name = Release;
		};
/* End XCBuildConfiguration section */

/* Begin XCConfigurationList section */
		E5002CC2170C11540057A99C /* Build configuration list for PBXProject "BitcoinStatus" */ = {
			isa = XCConfigurationList;
			buildConfigurations = (
				E5002CF6170C11550057A99C /* Debug */,
				E5002CF7170C11550057A99C /* Release */,
			);
			defaultConfigurationIsVisible = 0;
			defaultConfigurationName = Release;
		};
		E5002CF8170C11550057A99C /* Build configuration list for PBXNativeTarget "BitcoinStatus" */ = {
			isa = XCConfigurationList;
			buildConfigurations = (
				E5002CF9170C11550057A99C /* Debug */,
				E5002CFA170C11550057A99C /* Release */,
			);
			defaultConfigurationIsVisible = 0;
		};
		E5002CFB170C11550057A99C /* Build configuration list for PBXNativeTarget "BitcoinStatusTests" */ = {
			isa = XCConfigurationList;
			buildConfigurations = (
				E5002CFC170C11550057A99C /* Debug */,
				E5002CFD170C11550057A99C /* Release */,
			);
			defaultConfigurationIsVisible = 0;
		};
/* End XCConfigurationList section */
	};
	rootObject = E5002CBF170C11540057A99C /* Project object */;
}
